// !$*UTF8*$!
{
	archiveVersion = 1;
	classes = {
	};
	objectVersion = 48;
	objects = {

/* Begin PBXBuildFile section */
		C82CF6A71FCB7B2500F4F412 /* AppDelegate.swift in Sources */ = {isa = PBXBuildFile; fileRef = C82CF6A61FCB7B2500F4F412 /* AppDelegate.swift */; };
		C82CF6A91FCB7B2500F4F412 /* ViewController.swift in Sources */ = {isa = PBXBuildFile; fileRef = C82CF6A81FCB7B2500F4F412 /* ViewController.swift */; };
		C82CF6AC1FCB7B2500F4F412 /* Main.storyboard in Resources */ = {isa = PBXBuildFile; fileRef = C82CF6AA1FCB7B2500F4F412 /* Main.storyboard */; };
		C82CF6AF1FCB7B2500F4F412 /* WishBox.xcdatamodeld in Sources */ = {isa = PBXBuildFile; fileRef = C82CF6AD1FCB7B2500F4F412 /* WishBox.xcdatamodeld */; };
		C82CF6B11FCB7B2500F4F412 /* Assets.xcassets in Resources */ = {isa = PBXBuildFile; fileRef = C82CF6B01FCB7B2500F4F412 /* Assets.xcassets */; };
		C82CF6B41FCB7B2500F4F412 /* LaunchScreen.storyboard in Resources */ = {isa = PBXBuildFile; fileRef = C82CF6B21FCB7B2500F4F412 /* LaunchScreen.storyboard */; };
		C82CF6C31FCB83C300F4F412 /* Image+CoreDataClass.swift in Sources */ = {isa = PBXBuildFile; fileRef = C82CF6BB1FCB83C300F4F412 /* Image+CoreDataClass.swift */; };
		C82CF6C41FCB83C300F4F412 /* Image+CoreDataProperties.swift in Sources */ = {isa = PBXBuildFile; fileRef = C82CF6BC1FCB83C300F4F412 /* Image+CoreDataProperties.swift */; };
		C82CF6C51FCB83C300F4F412 /* ItemType+CoreDataClass.swift in Sources */ = {isa = PBXBuildFile; fileRef = C82CF6BD1FCB83C300F4F412 /* ItemType+CoreDataClass.swift */; };
		C82CF6C61FCB83C300F4F412 /* ItemType+CoreDataProperties.swift in Sources */ = {isa = PBXBuildFile; fileRef = C82CF6BE1FCB83C300F4F412 /* ItemType+CoreDataProperties.swift */; };
		C82CF6C71FCB83C300F4F412 /* Store+CoreDataClass.swift in Sources */ = {isa = PBXBuildFile; fileRef = C82CF6BF1FCB83C300F4F412 /* Store+CoreDataClass.swift */; };
		C82CF6C81FCB83C300F4F412 /* Store+CoreDataProperties.swift in Sources */ = {isa = PBXBuildFile; fileRef = C82CF6C01FCB83C300F4F412 /* Store+CoreDataProperties.swift */; };
		C82CF6C91FCB83C300F4F412 /* Item+CoreDataClass.swift in Sources */ = {isa = PBXBuildFile; fileRef = C82CF6C11FCB83C300F4F412 /* Item+CoreDataClass.swift */; };
		C82CF6CA1FCB83C300F4F412 /* Item+CoreDataProperties.swift in Sources */ = {isa = PBXBuildFile; fileRef = C82CF6C21FCB83C300F4F412 /* Item+CoreDataProperties.swift */; };
		C8BECA2B1FCB91AD00DA29ED /* MaterialView.swift in Sources */ = {isa = PBXBuildFile; fileRef = C8BECA2A1FCB91AD00DA29ED /* MaterialView.swift */; };
		C8BECA2D1FCB971E00DA29ED /* ItemCell.swift in Sources */ = {isa = PBXBuildFile; fileRef = C8BECA2C1FCB971E00DA29ED /* ItemCell.swift */; };
		C8BECA301FCCA18F00DA29ED /* ItemsDetailsVC.swift in Sources */ = {isa = PBXBuildFile; fileRef = C8BECA2F1FCCA18F00DA29ED /* ItemsDetailsVC.swift */; };
		C8BECA321FCCA67A00DA29ED /* CustomTextField.swift in Sources */ = {isa = PBXBuildFile; fileRef = C8BECA311FCCA67A00DA29ED /* CustomTextField.swift */; };
/* End PBXBuildFile section */

/* Begin PBXFileReference section */
		C82CF6A31FCB7B2500F4F412 /* WishBox.app */ = {isa = PBXFileReference; explicitFileType = wrapper.application; includeInIndex = 0; path = WishBox.app; sourceTree = BUILT_PRODUCTS_DIR; };
		C82CF6A61FCB7B2500F4F412 /* AppDelegate.swift */ = {isa = PBXFileReference; lastKnownFileType = sourcecode.swift; path = AppDelegate.swift; sourceTree = "<group>"; };
		C82CF6A81FCB7B2500F4F412 /* ViewController.swift */ = {isa = PBXFileReference; lastKnownFileType = sourcecode.swift; path = ViewController.swift; sourceTree = "<group>"; };
		C82CF6AB1FCB7B2500F4F412 /* Base */ = {isa = PBXFileReference; lastKnownFileType = file.storyboard; name = Base; path = Base.lproj/Main.storyboard; sourceTree = "<group>"; };
		C82CF6AE1FCB7B2500F4F412 /* WishBox.xcdatamodel */ = {isa = PBXFileReference; lastKnownFileType = wrapper.xcdatamodel; path = WishBox.xcdatamodel; sourceTree = "<group>"; };
		C82CF6B01FCB7B2500F4F412 /* Assets.xcassets */ = {isa = PBXFileReference; lastKnownFileType = folder.assetcatalog; path = Assets.xcassets; sourceTree = "<group>"; };
		C82CF6B31FCB7B2500F4F412 /* Base */ = {isa = PBXFileReference; lastKnownFileType = file.storyboard; name = Base; path = Base.lproj/LaunchScreen.storyboard; sourceTree = "<group>"; };
		C82CF6B51FCB7B2500F4F412 /* Info.plist */ = {isa = PBXFileReference; lastKnownFileType = text.plist.xml; path = Info.plist; sourceTree = "<group>"; };
		C82CF6BB1FCB83C300F4F412 /* Image+CoreDataClass.swift */ = {isa = PBXFileReference; lastKnownFileType = sourcecode.swift; path = "Image+CoreDataClass.swift"; sourceTree = "<group>"; };
		C82CF6BC1FCB83C300F4F412 /* Image+CoreDataProperties.swift */ = {isa = PBXFileReference; lastKnownFileType = sourcecode.swift; path = "Image+CoreDataProperties.swift"; sourceTree = "<group>"; };
		C82CF6BD1FCB83C300F4F412 /* ItemType+CoreDataClass.swift */ = {isa = PBXFileReference; lastKnownFileType = sourcecode.swift; path = "ItemType+CoreDataClass.swift"; sourceTree = "<group>"; };
		C82CF6BE1FCB83C300F4F412 /* ItemType+CoreDataProperties.swift */ = {isa = PBXFileReference; lastKnownFileType = sourcecode.swift; path = "ItemType+CoreDataProperties.swift"; sourceTree = "<group>"; };
		C82CF6BF1FCB83C300F4F412 /* Store+CoreDataClass.swift */ = {isa = PBXFileReference; lastKnownFileType = sourcecode.swift; path = "Store+CoreDataClass.swift"; sourceTree = "<group>"; };
		C82CF6C01FCB83C300F4F412 /* Store+CoreDataProperties.swift */ = {isa = PBXFileReference; lastKnownFileType = sourcecode.swift; path = "Store+CoreDataProperties.swift"; sourceTree = "<group>"; };
		C82CF6C11FCB83C300F4F412 /* Item+CoreDataClass.swift */ = {isa = PBXFileReference; lastKnownFileType = sourcecode.swift; path = "Item+CoreDataClass.swift"; sourceTree = "<group>"; };
		C82CF6C21FCB83C300F4F412 /* Item+CoreDataProperties.swift */ = {isa = PBXFileReference; lastKnownFileType = sourcecode.swift; path = "Item+CoreDataProperties.swift"; sourceTree = "<group>"; };
		C8BECA2A1FCB91AD00DA29ED /* MaterialView.swift */ = {isa = PBXFileReference; lastKnownFileType = sourcecode.swift; path = MaterialView.swift; sourceTree = "<group>"; };
		C8BECA2C1FCB971E00DA29ED /* ItemCell.swift */ = {isa = PBXFileReference; lastKnownFileType = sourcecode.swift; path = ItemCell.swift; sourceTree = "<group>"; };
		C8BECA2F1FCCA18F00DA29ED /* ItemsDetailsVC.swift */ = {isa = PBXFileReference; lastKnownFileType = sourcecode.swift; path = ItemsDetailsVC.swift; sourceTree = "<group>"; };
		C8BECA311FCCA67A00DA29ED /* CustomTextField.swift */ = {isa = PBXFileReference; fileEncoding = 4; lastKnownFileType = sourcecode.swift; path = CustomTextField.swift; sourceTree = "<group>"; };
/* End PBXFileReference section */

/* Begin PBXFrameworksBuildPhase section */
		C82CF6A01FCB7B2500F4F412 /* Frameworks */ = {
			isa = PBXFrameworksBuildPhase;
			buildActionMask = 2147483647;
			files = (
			);
			runOnlyForDeploymentPostprocessing = 0;
		};
/* End PBXFrameworksBuildPhase section */

/* Begin PBXGroup section */
		C82CF69A1FCB7B2500F4F412 = {
			isa = PBXGroup;
			children = (
				C82CF6A51FCB7B2500F4F412 /* WishBox */,
				C82CF6A41FCB7B2500F4F412 /* Products */,
			);
			sourceTree = "<group>";
		};
		C82CF6A41FCB7B2500F4F412 /* Products */ = {
			isa = PBXGroup;
			children = (
				C82CF6A31FCB7B2500F4F412 /* WishBox.app */,
			);
			name = Products;
			sourceTree = "<group>";
		};
		C82CF6A51FCB7B2500F4F412 /* WishBox */ = {
			isa = PBXGroup;
			children = (
				C8BECA291FCB917800DA29ED /* View */,
				C82CF6CB1FCB83ED00F4F412 /* Models */,
				C82CF6A61FCB7B2500F4F412 /* AppDelegate.swift */,
				C8BECA2E1FCCA14900DA29ED /* Controller */,
				C82CF6AA1FCB7B2500F4F412 /* Main.storyboard */,
				C82CF6B01FCB7B2500F4F412 /* Assets.xcassets */,
				C82CF6B21FCB7B2500F4F412 /* LaunchScreen.storyboard */,
				C82CF6B51FCB7B2500F4F412 /* Info.plist */,
				C82CF6AD1FCB7B2500F4F412 /* WishBox.xcdatamodeld */,
			);
			path = WishBox;
			sourceTree = "<group>";
		};
		C82CF6CB1FCB83ED00F4F412 /* Models */ = {
			isa = PBXGroup;
			children = (
				C82CF6BB1FCB83C300F4F412 /* Image+CoreDataClass.swift */,
				C82CF6BD1FCB83C300F4F412 /* ItemType+CoreDataClass.swift */,
				C82CF6BF1FCB83C300F4F412 /* Store+CoreDataClass.swift */,
				C82CF6C11FCB83C300F4F412 /* Item+CoreDataClass.swift */,
				C82CF6CC1FCB83F600F4F412 /* Generated */,
			);
			path = Models;
			sourceTree = "<group>";
		};
		C82CF6CC1FCB83F600F4F412 /* Generated */ = {
			isa = PBXGroup;
			children = (
				C82CF6BC1FCB83C300F4F412 /* Image+CoreDataProperties.swift */,
				C82CF6BE1FCB83C300F4F412 /* ItemType+CoreDataProperties.swift */,
				C82CF6C01FCB83C300F4F412 /* Store+CoreDataProperties.swift */,
				C82CF6C21FCB83C300F4F412 /* Item+CoreDataProperties.swift */,
			);
			path = Generated;
			sourceTree = "<group>";
		};
		C8BECA291FCB917800DA29ED /* View */ = {
			isa = PBXGroup;
			children = (
				C8BECA2A1FCB91AD00DA29ED /* MaterialView.swift */,
				C8BECA2C1FCB971E00DA29ED /* ItemCell.swift */,
				C8BECA311FCCA67A00DA29ED /* CustomTextField.swift */,
			);
			path = View;
			sourceTree = "<group>";
		};
		C8BECA2E1FCCA14900DA29ED /* Controller */ = {
			isa = PBXGroup;
			children = (
				C82CF6A81FCB7B2500F4F412 /* ViewController.swift */,
				C8BECA2F1FCCA18F00DA29ED /* ItemsDetailsVC.swift */,
			);
			path = Controller;
			sourceTree = "<group>";
		};
/* End PBXGroup section */

/* Begin PBXNativeTarget section */
		C82CF6A21FCB7B2500F4F412 /* WishBox */ = {
			isa = PBXNativeTarget;
			buildConfigurationList = C82CF6B81FCB7B2500F4F412 /* Build configuration list for PBXNativeTarget "WishBox" */;
			buildPhases = (
				C82CF69F1FCB7B2500F4F412 /* Sources */,
				C82CF6A01FCB7B2500F4F412 /* Frameworks */,
				C82CF6A11FCB7B2500F4F412 /* Resources */,
			);
			buildRules = (
			);
			dependencies = (
			);
			name = WishBox;
			productName = WishBox;
			productReference = C82CF6A31FCB7B2500F4F412 /* WishBox.app */;
			productType = "com.apple.product-type.application";
		};
/* End PBXNativeTarget section */

/* Begin PBXProject section */
		C82CF69B1FCB7B2500F4F412 /* Project object */ = {
			isa = PBXProject;
			attributes = {
				LastSwiftUpdateCheck = 0910;
				LastUpgradeCheck = 0910;
				ORGANIZATIONNAME = "Shehryar Khan";
				TargetAttributes = {
					C82CF6A21FCB7B2500F4F412 = {
						CreatedOnToolsVersion = 9.1;
						ProvisioningStyle = Automatic;
					};
				};
			};
			buildConfigurationList = C82CF69E1FCB7B2500F4F412 /* Build configuration list for PBXProject "WishBox" */;
			compatibilityVersion = "Xcode 8.0";
			developmentRegion = en;
			hasScannedForEncodings = 0;
			knownRegions = (
				en,
				Base,
			);
			mainGroup = C82CF69A1FCB7B2500F4F412;
			productRefGroup = C82CF6A41FCB7B2500F4F412 /* Products */;
			projectDirPath = "";
			projectRoot = "";
			targets = (
				C82CF6A21FCB7B2500F4F412 /* WishBox */,
			);
		};
/* End PBXProject section */

/* Begin PBXResourcesBuildPhase section */
		C82CF6A11FCB7B2500F4F412 /* Resources */ = {
			isa = PBXResourcesBuildPhase;
			buildActionMask = 2147483647;
			files = (
				C82CF6B41FCB7B2500F4F412 /* LaunchScreen.storyboard in Resources */,
				C82CF6B11FCB7B2500F4F412 /* Assets.xcassets in Resources */,
				C82CF6AC1FCB7B2500F4F412 /* Main.storyboard in Resources */,
			);
			runOnlyForDeploymentPostprocessing = 0;
		};
/* End PBXResourcesBuildPhase section */

/* Begin PBXSourcesBuildPhase section */
		C82CF69F1FCB7B2500F4F412 /* Sources */ = {
			isa = PBXSourcesBuildPhase;
			buildActionMask = 2147483647;
			files = (
				C8BECA2D1FCB971E00DA29ED /* ItemCell.swift in Sources */,
				C82CF6C91FCB83C300F4F412 /* Item+CoreDataClass.swift in Sources */,
				C82CF6C51FCB83C300F4F412 /* ItemType+CoreDataClass.swift in Sources */,
				C82CF6A91FCB7B2500F4F412 /* ViewController.swift in Sources */,
				C8BECA301FCCA18F00DA29ED /* ItemsDetailsVC.swift in Sources */,
				C8BECA2B1FCB91AD00DA29ED /* MaterialView.swift in Sources */,
				C82CF6C41FCB83C300F4F412 /* Image+CoreDataProperties.swift in Sources */,
				C82CF6A71FCB7B2500F4F412 /* AppDelegate.swift in Sources */,
				C82CF6C81FCB83C300F4F412 /* Store+CoreDataProperties.swift in Sources */,
				C82CF6AF1FCB7B2500F4F412 /* WishBox.xcdatamodeld in Sources */,
				C82CF6C71FCB83C300F4F412 /* Store+CoreDataClass.swift in Sources */,
				C82CF6C61FCB83C300F4F412 /* ItemType+CoreDataProperties.swift in Sources */,
				C82CF6CA1FCB83C300F4F412 /* Item+CoreDataProperties.swift in Sources */,
				C82CF6C31FCB83C300F4F412 /* Image+CoreDataClass.swift in Sources */,
				C8BECA321FCCA67A00DA29ED /* CustomTextField.swift in Sources */,
			);
			runOnlyForDeploymentPostprocessing = 0;
		};
/* End PBXSourcesBuildPhase section */

/* Begin PBXVariantGroup section */
		C82CF6AA1FCB7B2500F4F412 /* Main.storyboard */ = {
			isa = PBXVariantGroup;
			children = (
				C82CF6AB1FCB7B2500F4F412 /* Base */,
			);
			name = Main.storyboard;
			sourceTree = "<group>";
		};
		C82CF6B21FCB7B2500F4F412 /* LaunchScreen.storyboard */ = {
			isa = PBXVariantGroup;
			children = (
				C82CF6B31FCB7B2500F4F412 /* Base */,
			);
			name = LaunchScreen.storyboard;
			sourceTree = "<group>";
		};
/* End PBXVariantGroup section */

/* Begin XCBuildConfiguration section */
		C82CF6B61FCB7B2500F4F412 /* Debug */ = {
			isa = XCBuildConfiguration;
			buildSettings = {
				ALWAYS_SEARCH_USER_PATHS = NO;
				CLANG_ANALYZER_NONNULL = YES;
				CLANG_ANALYZER_NUMBER_OBJECT_CONVERSION = YES_AGGRESSIVE;
				CLANG_CXX_LANGUAGE_STANDARD = "gnu++14";
				CLANG_CXX_LIBRARY = "libc++";
				CLANG_ENABLE_MODULES = YES;
				CLANG_ENABLE_OBJC_ARC = YES;
				CLANG_WARN_BLOCK_CAPTURE_AUTORELEASING = YES;
				CLANG_WARN_BOOL_CONVERSION = YES;
				CLANG_WARN_COMMA = YES;
				CLANG_WARN_CONSTANT_CONVERSION = YES;
				CLANG_WARN_DIRECT_OBJC_ISA_USAGE = YES_ERROR;
				CLANG_WARN_DOCUMENTATION_COMMENTS = YES;
				CLANG_WARN_EMPTY_BODY = YES;
				CLANG_WARN_ENUM_CONVERSION = YES;
				CLANG_WARN_INFINITE_RECURSION = YES;
				CLANG_WARN_INT_CONVERSION = YES;
				CLANG_WARN_NON_LITERAL_NULL_CONVERSION = YES;
				CLANG_WARN_OBJC_LITERAL_CONVERSION = YES;
				CLANG_WARN_OBJC_ROOT_CLASS = YES_ERROR;
				CLANG_WARN_RANGE_LOOP_ANALYSIS = YES;
				CLANG_WARN_STRICT_PROTOTYPES = YES;
				CLANG_WARN_SUSPICIOUS_MOVE = YES;
				CLANG_WARN_UNGUARDED_AVAILABILITY = YES_AGGRESSIVE;
				CLANG_WARN_UNREACHABLE_CODE = YES;
				CLANG_WARN__DUPLICATE_METHOD_MATCH = YES;
				CODE_SIGN_IDENTITY = "iPhone Developer";
				COPY_PHASE_STRIP = NO;
				DEBUG_INFORMATION_FORMAT = dwarf;
				ENABLE_STRICT_OBJC_MSGSEND = YES;
				ENABLE_TESTABILITY = YES;
				GCC_C_LANGUAGE_STANDARD = gnu11;
				GCC_DYNAMIC_NO_PIC = NO;
				GCC_NO_COMMON_BLOCKS = YES;
				GCC_OPTIMIZATION_LEVEL = 0;
				GCC_PREPROCESSOR_DEFINITIONS = (
					"DEBUG=1",
					"$(inherited)",
				);
				GCC_WARN_64_TO_32_BIT_CONVERSION = YES;
				GCC_WARN_ABOUT_RETURN_TYPE = YES_ERROR;
				GCC_WARN_UNDECLARED_SELECTOR = YES;
				GCC_WARN_UNINITIALIZED_AUTOS = YES_AGGRESSIVE;
				GCC_WARN_UNUSED_FUNCTION = YES;
				GCC_WARN_UNUSED_VARIABLE = YES;
				IPHONEOS_DEPLOYMENT_TARGET = 11.1;
				MTL_ENABLE_DEBUG_INFO = YES;
				ONLY_ACTIVE_ARCH = YES;
				SDKROOT = iphoneos;
				SWIFT_ACTIVE_COMPILATION_CONDITIONS = DEBUG;
				SWIFT_OPTIMIZATION_LEVEL = "-Onone";
			};
			name = Debug;
		};
		C82CF6B71FCB7B2500F4F412 /* Release */ = {
			isa = XCBuildConfiguration;
			buildSettings = {
				ALWAYS_SEARCH_USER_PATHS = NO;
				CLANG_ANALYZER_NONNULL = YES;
				CLANG_ANALYZER_NUMBER_OBJECT_CONVERSION = YES_AGGRESSIVE;
				CLANG_CXX_LANGUAGE_STANDARD = "gnu++14";
				CLANG_CXX_LIBRARY = "libc++";
				CLANG_ENABLE_MODULES = YES;
				CLANG_ENABLE_OBJC_ARC = YES;
				CLANG_WARN_BLOCK_CAPTURE_AUTORELEASING = YES;
				CLANG_WARN_BOOL_CONVERSION = YES;
				CLANG_WARN_COMMA = YES;
				CLANG_WARN_CONSTANT_CONVERSION = YES;
				CLANG_WARN_DIRECT_OBJC_ISA_USAGE = YES_ERROR;
				CLANG_WARN_DOCUMENTATION_COMMENTS = YES;
				CLANG_WARN_EMPTY_BODY = YES;
				CLANG_WARN_ENUM_CONVERSION = YES;
				CLANG_WARN_INFINITE_RECURSION = YES;
				CLANG_WARN_INT_CONVERSION = YES;
				CLANG_WARN_NON_LITERAL_NULL_CONVERSION = YES;
				CLANG_WARN_OBJC_LITERAL_CONVERSION = YES;
				CLANG_WARN_OBJC_ROOT_CLASS = YES_ERROR;
				CLANG_WARN_RANGE_LOOP_ANALYSIS = YES;
				CLANG_WARN_STRICT_PROTOTYPES = YES;
				CLANG_WARN_SUSPICIOUS_MOVE = YES;
				CLANG_WARN_UNGUARDED_AVAILABILITY = YES_AGGRESSIVE;
				CLANG_WARN_UNREACHABLE_CODE = YES;
				CLANG_WARN__DUPLICATE_METHOD_MATCH = YES;
				CODE_SIGN_IDENTITY = "iPhone Developer";
				COPY_PHASE_STRIP = NO;
				DEBUG_INFORMATION_FORMAT = "dwarf-with-dsym";
				ENABLE_NS_ASSERTIONS = NO;
				ENABLE_STRICT_OBJC_MSGSEND = YES;
				GCC_C_LANGUAGE_STANDARD = gnu11;
				GCC_NO_COMMON_BLOCKS = YES;
				GCC_WARN_64_TO_32_BIT_CONVERSION = YES;
				GCC_WARN_ABOUT_RETURN_TYPE = YES_ERROR;
				GCC_WARN_UNDECLARED_SELECTOR = YES;
				GCC_WARN_UNINITIALIZED_AUTOS = YES_AGGRESSIVE;
				GCC_WARN_UNUSED_FUNCTION = YES;
				GCC_WARN_UNUSED_VARIABLE = YES;
				IPHONEOS_DEPLOYMENT_TARGET = 11.1;
				MTL_ENABLE_DEBUG_INFO = NO;
				SDKROOT = iphoneos;
				SWIFT_OPTIMIZATION_LEVEL = "-Owholemodule";
				VALIDATE_PRODUCT = YES;
			};
			name = Release;
		};
		C82CF6B91FCB7B2500F4F412 /* Debug */ = {
			isa = XCBuildConfiguration;
			buildSettings = {
				ASSETCATALOG_COMPILER_APPICON_NAME = AppIcon;
				CODE_SIGN_STYLE = Automatic;
				DEVELOPMENT_TEAM = 5U7566VPV2;
				INFOPLIST_FILE = WishBox/Info.plist;
				LD_RUNPATH_SEARCH_PATHS = "$(inherited) @executable_path/Frameworks";
				PRODUCT_BUNDLE_IDENTIFIER = com.sherry.WishBox;
				PRODUCT_NAME = "$(TARGET_NAME)";
				SWIFT_VERSION = 4.0;
				TARGETED_DEVICE_FAMILY = "1,2";
			};
			name = Debug;
		};
		C82CF6BA1FCB7B2500F4F412 /* Release */ = {
			isa = XCBuildConfiguration;
			buildSettings = {
				ASSETCATALOG_COMPILER_APPICON_NAME = AppIcon;
				CODE_SIGN_STYLE = Automatic;
				DEVELOPMENT_TEAM = 5U7566VPV2;
				INFOPLIST_FILE = WishBox/Info.plist;
				LD_RUNPATH_SEARCH_PATHS = "$(inherited) @executable_path/Frameworks";
				PRODUCT_BUNDLE_IDENTIFIER = com.sherry.WishBox;
				PRODUCT_NAME = "$(TARGET_NAME)";
				SWIFT_VERSION = 4.0;
				TARGETED_DEVICE_FAMILY = "1,2";
			};
			name = Release;
		};
/* End XCBuildConfiguration section */

/* Begin XCConfigurationList section */
		C82CF69E1FCB7B2500F4F412 /* Build configuration list for PBXProject "WishBox" */ = {
			isa = XCConfigurationList;
			buildConfigurations = (
				C82CF6B61FCB7B2500F4F412 /* Debug */,
				C82CF6B71FCB7B2500F4F412 /* Release */,
			);
			defaultConfigurationIsVisible = 0;
			defaultConfigurationName = Release;
		};
		C82CF6B81FCB7B2500F4F412 /* Build configuration list for PBXNativeTarget "WishBox" */ = {
			isa = XCConfigurationList;
			buildConfigurations = (
				C82CF6B91FCB7B2500F4F412 /* Debug */,
				C82CF6BA1FCB7B2500F4F412 /* Release */,
			);
			defaultConfigurationIsVisible = 0;
			defaultConfigurationName = Release;
		};
/* End XCConfigurationList section */

/* Begin XCVersionGroup section */
		C82CF6AD1FCB7B2500F4F412 /* WishBox.xcdatamodeld */ = {
			isa = XCVersionGroup;
			children = (
				C82CF6AE1FCB7B2500F4F412 /* WishBox.xcdatamodel */,
			);
			currentVersion = C82CF6AE1FCB7B2500F4F412 /* WishBox.xcdatamodel */;
			path = WishBox.xcdatamodeld;
			sourceTree = "<group>";
			versionGroupType = wrapper.xcdatamodel;
		};
/* End XCVersionGroup section */
	};
	rootObject = C82CF69B1FCB7B2500F4F412 /* Project object */;
}
